
Microsoft Visual Studio Solution File, Format Version 12.00
# Visual Studio Version 17
VisualStudioVersion = 17.7.34221.43
MinimumVisualStudioVersion = 10.0.40219.1
Project("{8BC9CEB8-8B4A-11D0-8D11-00A0C91BC942}") = "KR_03.02.2024", "KR_03.02.2024\KR_03.02.2024.vcxproj", "{0D8D0976-E577-4E00-B35C-7D6C099CD224}"
EndProject
Global
	GlobalSection(SolutionConfigurationPlatforms) = preSolution
		Debug|x64 = Debug|x64
		Debug|x86 = Debug|x86
		Release|x64 = Release|x64
		Release|x86 = Release|x86
	EndGlobalSection
	GlobalSection(ProjectConfigurationPlatforms) = postSolution
		{0D8D0976-E577-4E00-B35C-7D6C099CD224}.Debug|x64.ActiveCfg = Debug|x64
		{0D8D0976-E577-4E00-B35C-7D6C099CD224}.Debug|x64.Build.0 = Debug|x64
		{0D8D0976-E577-4E00-B35C-7D6C099CD224}.Debug|x86.ActiveCfg = Debug|Win32
		{0D8D0976-E577-4E00-B35C-7D6C099CD224}.Debug|x86.Build.0 = Debug|Win32
		{0D8D0976-E577-4E00-B35C-7D6C099CD224}.Release|x64.ActiveCfg = Release|x64
		{0D8D0976-E577-4E00-B35C-7D6C099CD224}.Release|x64.Build.0 = Release|x64
		{0D8D0976-E577-4E00-B35C-7D6C099CD224}.Release|x86.ActiveCfg = Release|Win32
		{0D8D0976-E577-4E00-B35C-7D6C099CD224}.Release|x86.Build.0 = Release|Win32
	EndGlobalSection
	GlobalSection(SolutionProperties) = preSolution
		HideSolutionNode = FALSE
	EndGlobalSection
	GlobalSection(ExtensibilityGlobals) = postSolution
		SolutionGuid = {2DDFEDE5-8E0A-495C-A38B-C03D2F908E46}
	EndGlobalSection
EndGlobal
